
Microsoft Visual Studio Solution File, Format Version 12.00
# Visual Studio Version 17
VisualStudioVersion = 17.14.36327.8
MinimumVisualStudioVersion = 10.0.40219.1
Project("{FAE04EC0-301F-11D3-BF4B-00C04F79EFBC}") = "AzimuthConsole", "AzimuthConsole.csproj", "{F612E0BB-F7FB-4631-95BB-695C19BCDEB7}"
EndProject
Global
	GlobalSection(SolutionConfigurationPlatforms) = preSolution
		Debug|Any CPU = Debug|Any CPU
		Release|Any CPU = Release|Any CPU
	EndGlobalSection
	GlobalSection(ProjectConfigurationPlatforms) = postSolution
		{F612E0BB-F7FB-4631-95BB-695C19BCDEB7}.Debug|Any CPU.ActiveCfg = Debug|Any CPU
		{F612E0BB-F7FB-4631-95BB-695C19BCDEB7}.Debug|Any CPU.Build.0 = Debug|Any CPU
		{F612E0BB-F7FB-4631-95BB-695C19BCDEB7}.Release|Any CPU.ActiveCfg = Release|Any CPU
		{F612E0BB-F7FB-4631-95BB-695C19BCDEB7}.Release|Any CPU.Build.0 = Release|Any CPU
	EndGlobalSection
	GlobalSection(SolutionProperties) = preSolution
		HideSolutionNode = FALSE
	EndGlobalSection
	GlobalSection(ExtensibilityGlobals) = postSolution
		SolutionGuid = {D2063C99-1CC1-4DAA-BD61-2C2757CDAB76}
	EndGlobalSection
EndGlobal
